<?xml version="1.0" encoding="utf-8"?>
<Project ToolsVersion="4.0" xmlns="http://schemas.microsoft.com/developer/msbuild/2003">
  <ItemGroup>
    <Filter Include="Исходные файлы">
      <UniqueIdentifier>{4FC737F1-C7A5-4376-A066-2A32D752A2FF}</UniqueIdentifier>
      <Extensions>cpp;c;cc;cxx;c++;cppm;ixx;def;odl;idl;hpj;bat;asm;asmx</Extensions>
    </Filter>
    <Filter Include="Файлы заголовков">
      <UniqueIdentifier>{93995380-89BD-4b04-88EB-625FBE52EBFB}</UniqueIdentifier>
      <Extensions>h;hh;hpp;hxx;h++;hm;inl;inc;ipp;xsd</Extensions>
    </Filter>
    <Filter Include="Файлы ресурсов">
      <UniqueIdentifier>{67DA6AB6-F800-4c08-8B7A-83BB121AAD01}</UniqueIdentifier>
      <Extensions>rc;ico;cur;bmp;dlg;rc2;rct;bin;rgs;gif;jpg;jpeg;jpe;resx;tiff;tif;png;wav;mfcribbon-ms</Extensions>
    </Filter>
    <Filter Include="Исходные файлы\Source Code">
      <UniqueIdentifier>{ccfb27df-f89a-411a-89d2-b3741d6a79eb}</UniqueIdentifier>
    </Filter>
    <Filter Include="Shaders">
      <UniqueIdentifier>{68e079dd-dd34-41bb-877c-0b6b3883aa41}</UniqueIdentifier>
    </Filter>
  </ItemGroup>
  <ItemGroup>
    <ClCompile Include="main.cpp">
      <Filter>Исходные файлы</Filter>
    </ClCompile>
    <ClCompile Include="libs\gl3w\GL\gl3w.c">
      <Filter>Исходные файлы\Source Code</Filter>
    </ClCompile>
    <ClCompile Include="imgui\imgui.cpp">
      <Filter>Исходные файлы\Source Code</Filter>
    </ClCompile>
    <ClCompile Include="imgui\imgui_demo.cpp">
      <Filter>Исходные файлы\Source Code</Filter>
    </ClCompile>
    <ClCompile Include="imgui\imgui_draw.cpp">
      <Filter>Исходные файлы\Source Code</Filter>
    </ClCompile>
    <ClCompile Include="imgui\backends\imgui_impl_glfw.cpp">
      <Filter>Исходные файлы\Source Code</Filter>
    </ClCompile>
    <ClCompile Include="imgui\backends\imgui_impl_opengl3.cpp">
      <Filter>Исходные файлы\Source Code</Filter>
    </ClCompile>
    <ClCompile Include="imgui\imgui_tables.cpp">
      <Filter>Исходные файлы\Source Code</Filter>
    </ClCompile>
    <ClCompile Include="imgui\imgui_widgets.cpp">
      <Filter>Исходные файлы\Source Code</Filter>
    </ClCompile>
    <ClCompile Include="CPU.cpp">
      <Filter>Исходные файлы</Filter>
    </ClCompile>
    <ClCompile Include="NES6502.cpp">
      <Filter>Исходные файлы</Filter>
    </ClCompile>
    <ClCompile Include="PPU.cpp">
      <Filter>Исходные файлы</Filter>
    </ClCompile>
  </ItemGroup>
  <ItemGroup>
    <ClInclude Include="Defines.h">
      <Filter>Файлы заголовков</Filter>
    </ClInclude>
    <ClInclude Include="CPU.h">
      <Filter>Файлы заголовков</Filter>
    </ClInclude>
    <ClInclude Include="gui.h">
      <Filter>Файлы заголовков</Filter>
    </ClInclude>
    <ClInclude Include="NES6502.h">
      <Filter>Файлы заголовков</Filter>
    </ClInclude>
    <ClInclude Include="libs\gl3w\GL\gl3w.h">
      <Filter>Исходные файлы\Source Code</Filter>
    </ClInclude>
    <ClInclude Include="libs\gl3w\GL\glcorearb.h">
      <Filter>Исходные файлы\Source Code</Filter>
    </ClInclude>
    <ClInclude Include="imgui\imconfig.h">
      <Filter>Исходные файлы\Source Code</Filter>
    </ClInclude>
    <ClInclude Include="imgui\imgui.h">
      <Filter>Исходные файлы\Source Code</Filter>
    </ClInclude>
    <ClInclude Include="imgui\backends\imgui_impl_glfw.h">
      <Filter>Исходные файлы\Source Code</Filter>
    </ClInclude>
    <ClInclude Include="imgui\backends\imgui_impl_opengl3.h">
      <Filter>Исходные файлы\Source Code</Filter>
    </ClInclude>
    <ClInclude Include="imgui\imgui_internal.h">
      <Filter>Исходные файлы\Source Code</Filter>
    </ClInclude>
    <ClInclude Include="PPU.h">
      <Filter>Файлы заголовков</Filter>
    </ClInclude>
    <ClInclude Include="Shader.h">
      <Filter>Файлы заголовков</Filter>
    </ClInclude>
  </ItemGroup>
  <ItemGroup>
    <None Include="Shaders\chrdump.glsl">
      <Filter>Shaders</Filter>
    </None>
    <None Include="Shaders\background.glsl">
      <Filter>Shaders</Filter>
    </None>
    <None Include="Shaders\textureToScreen.glsl">
      <Filter>Shaders</Filter>
    </None>
    <None Include="Shaders\foreground.glsl">
      <Filter>Shaders</Filter>
    </None>
  </ItemGroup>
</Project>